// !$*UTF8*$!
{
	archiveVersion = 1;
	classes = {
	};
	objectVersion = 50;
	objects = {

/* Begin PBXBuildFile section */
		697CDAFA215016F700CAEBDF /* AppDelegate.swift in Sources */ = {isa = PBXBuildFile; fileRef = 697CDAF9215016F700CAEBDF /* AppDelegate.swift */; };
		697CDAFC215016F700CAEBDF /* art.scnassets in Resources */ = {isa = PBXBuildFile; fileRef = 697CDAFB215016F700CAEBDF /* art.scnassets */; };
		697CDAFE215016F700CAEBDF /* ViewController.swift in Sources */ = {isa = PBXBuildFile; fileRef = 697CDAFD215016F700CAEBDF /* ViewController.swift */; };
		697CDB01215016F700CAEBDF /* Main.storyboard in Resources */ = {isa = PBXBuildFile; fileRef = 697CDAFF215016F700CAEBDF /* Main.storyboard */; };
		697CDB03215016FC00CAEBDF /* Assets.xcassets in Resources */ = {isa = PBXBuildFile; fileRef = 697CDB02215016FC00CAEBDF /* Assets.xcassets */; };
		697CDB06215016FC00CAEBDF /* LaunchScreen.storyboard in Resources */ = {isa = PBXBuildFile; fileRef = 697CDB04215016FC00CAEBDF /* LaunchScreen.storyboard */; };
/* End PBXBuildFile section */

/* Begin PBXFileReference section */
		697CDAF6215016F700CAEBDF /* Finding Surfaces.app */ = {isa = PBXFileReference; explicitFileType = wrapper.application; includeInIndex = 0; path = "Finding Surfaces.app"; sourceTree = BUILT_PRODUCTS_DIR; };
		697CDAF9215016F700CAEBDF /* AppDelegate.swift */ = {isa = PBXFileReference; lastKnownFileType = sourcecode.swift; path = AppDelegate.swift; sourceTree = "<group>"; };
		697CDAFB215016F700CAEBDF /* art.scnassets */ = {isa = PBXFileReference; lastKnownFileType = wrapper.scnassets; path = art.scnassets; sourceTree = "<group>"; };
		697CDAFD215016F700CAEBDF /* ViewController.swift */ = {isa = PBXFileReference; lastKnownFileType = sourcecode.swift; path = ViewController.swift; sourceTree = "<group>"; };
		697CDB00215016F700CAEBDF /* Base */ = {isa = PBXFileReference; lastKnownFileType = file.storyboard; name = Base; path = Base.lproj/Main.storyboard; sourceTree = "<group>"; };
		697CDB02215016FC00CAEBDF /* Assets.xcassets */ = {isa = PBXFileReference; lastKnownFileType = folder.assetcatalog; path = Assets.xcassets; sourceTree = "<group>"; };
		697CDB05215016FC00CAEBDF /* Base */ = {isa = PBXFileReference; lastKnownFileType = file.storyboard; name = Base; path = Base.lproj/LaunchScreen.storyboard; sourceTree = "<group>"; };
		697CDB07215016FC00CAEBDF /* Info.plist */ = {isa = PBXFileReference; lastKnownFileType = text.plist.xml; path = Info.plist; sourceTree = "<group>"; };
/* End PBXFileReference section */

/* Begin PBXFrameworksBuildPhase section */
		697CDAF3215016F600CAEBDF /* Frameworks */ = {
			isa = PBXFrameworksBuildPhase;
			buildActionMask = 2147483647;
			files = (
			);
			runOnlyForDeploymentPostprocessing = 0;
		};
/* End PBXFrameworksBuildPhase section */

/* Begin PBXGroup section */
		697CDAED215016F600CAEBDF = {
			isa = PBXGroup;
			children = (
				697CDAF8215016F700CAEBDF /* Finding Surfaces */,
				697CDAF7215016F700CAEBDF /* Products */,
			);
			sourceTree = "<group>";
		};
		697CDAF7215016F700CAEBDF /* Products */ = {
			isa = PBXGroup;
			children = (
				697CDAF6215016F700CAEBDF /* Finding Surfaces.app */,
			);
			name = Products;
			sourceTree = "<group>";
		};
		697CDAF8215016F700CAEBDF /* Finding Surfaces */ = {
			isa = PBXGroup;
			children = (
				697CDAF9215016F700CAEBDF /* AppDelegate.swift */,
				697CDAFB215016F700CAEBDF /* art.scnassets */,
				697CDAFD215016F700CAEBDF /* ViewController.swift */,
				697CDAFF215016F700CAEBDF /* Main.storyboard */,
				697CDB02215016FC00CAEBDF /* Assets.xcassets */,
				697CDB04215016FC00CAEBDF /* LaunchScreen.storyboard */,
				697CDB07215016FC00CAEBDF /* Info.plist */,
			);
			path = "Finding Surfaces";
			sourceTree = "<group>";
		};
/* End PBXGroup section */

/* Begin PBXNativeTarget section */
		697CDAF5215016F600CAEBDF /* Finding Surfaces */ = {
			isa = PBXNativeTarget;
			buildConfigurationList = 697CDB0A215016FC00CAEBDF /* Build configuration list for PBXNativeTarget "Finding Surfaces" */;
			buildPhases = (
				697CDAF2215016F600CAEBDF /* Sources */,
				697CDAF3215016F600CAEBDF /* Frameworks */,
				697CDAF4215016F600CAEBDF /* Resources */,
			);
			buildRules = (
			);
			dependencies = (
			);
			name = "Finding Surfaces";
			productName = "Finding Surfaces";
			productReference = 697CDAF6215016F700CAEBDF /* Finding Surfaces.app */;
			productType = "com.apple.product-type.application";
		};
/* End PBXNativeTarget section */

/* Begin PBXProject section */
		697CDAEE215016F600CAEBDF /* Project object */ = {
			isa = PBXProject;
			attributes = {
				LastSwiftUpdateCheck = 1000;
				LastUpgradeCheck = 1000;
				ORGANIZATIONNAME = "Denis Bystruev";
				TargetAttributes = {
					697CDAF5215016F600CAEBDF = {
						CreatedOnToolsVersion = 10.0;
					};
				};
			};
			buildConfigurationList = 697CDAF1215016F600CAEBDF /* Build configuration list for PBXProject "Finding Surfaces" */;
			compatibilityVersion = "Xcode 9.3";
			developmentRegion = en;
			hasScannedForEncodings = 0;
			knownRegions = (
				en,
				Base,
			);
			mainGroup = 697CDAED215016F600CAEBDF;
			productRefGroup = 697CDAF7215016F700CAEBDF /* Products */;
			projectDirPath = "";
			projectRoot = "";
			targets = (
				697CDAF5215016F600CAEBDF /* Finding Surfaces */,
			);
		};
/* End PBXProject section */

/* Begin PBXResourcesBuildPhase section */
		697CDAF4215016F600CAEBDF /* Resources */ = {
			isa = PBXResourcesBuildPhase;
			buildActionMask = 2147483647;
			files = (
				697CDAFC215016F700CAEBDF /* art.scnassets in Resources */,
				697CDB06215016FC00CAEBDF /* LaunchScreen.storyboard in Resources */,
				697CDB03215016FC00CAEBDF /* Assets.xcassets in Resources */,
				697CDB01215016F700CAEBDF /* Main.storyboard in Resources */,
			);
			runOnlyForDeploymentPostprocessing = 0;
		};
/* End PBXResourcesBuildPhase section */

/* Begin PBXSourcesBuildPhase section */
		697CDAF2215016F600CAEBDF /* Sources */ = {
			isa = PBXSourcesBuildPhase;
			buildActionMask = 2147483647;
			files = (
				697CDAFE215016F700CAEBDF /* ViewController.swift in Sources */,
				697CDAFA215016F700CAEBDF /* AppDelegate.swift in Sources */,
			);
			runOnlyForDeploymentPostprocessing = 0;
		};
/* End PBXSourcesBuildPhase section */

/* Begin PBXVariantGroup section */
		697CDAFF215016F700CAEBDF /* Main.storyboard */ = {
			isa = PBXVariantGroup;
			children = (
				697CDB00215016F700CAEBDF /* Base */,
			);
			name = Main.storyboard;
			sourceTree = "<group>";
		};
		697CDB04215016FC00CAEBDF /* LaunchScreen.storyboard */ = {
			isa = PBXVariantGroup;
			children = (
				697CDB05215016FC00CAEBDF /* Base */,
			);
			name = LaunchScreen.storyboard;
			sourceTree = "<group>";
		};
/* End PBXVariantGroup section */

/* Begin XCBuildConfiguration section */
		697CDB08215016FC00CAEBDF /* Debug */ = {
			isa = XCBuildConfiguration;
			buildSettings = {
				ALWAYS_SEARCH_USER_PATHS = NO;
				CLANG_ANALYZER_NONNULL = YES;
				CLANG_ANALYZER_NUMBER_OBJECT_CONVERSION = YES_AGGRESSIVE;
				CLANG_CXX_LANGUAGE_STANDARD = "gnu++14";
				CLANG_CXX_LIBRARY = "libc++";
				CLANG_ENABLE_MODULES = YES;
				CLANG_ENABLE_OBJC_ARC = YES;
				CLANG_ENABLE_OBJC_WEAK = YES;
				CLANG_WARN_BLOCK_CAPTURE_AUTORELEASING = YES;
				CLANG_WARN_BOOL_CONVERSION = YES;
				CLANG_WARN_COMMA = YES;
				CLANG_WARN_CONSTANT_CONVERSION = YES;
				CLANG_WARN_DEPRECATED_OBJC_IMPLEMENTATIONS = YES;
				CLANG_WARN_DIRECT_OBJC_ISA_USAGE = YES_ERROR;
				CLANG_WARN_DOCUMENTATION_COMMENTS = YES;
				CLANG_WARN_EMPTY_BODY = YES;
				CLANG_WARN_ENUM_CONVERSION = YES;
				CLANG_WARN_INFINITE_RECURSION = YES;
				CLANG_WARN_INT_CONVERSION = YES;
				CLANG_WARN_NON_LITERAL_NULL_CONVERSION = YES;
				CLANG_WARN_OBJC_IMPLICIT_RETAIN_SELF = YES;
				CLANG_WARN_OBJC_LITERAL_CONVERSION = YES;
				CLANG_WARN_OBJC_ROOT_CLASS = YES_ERROR;
				CLANG_WARN_RANGE_LOOP_ANALYSIS = YES;
				CLANG_WARN_STRICT_PROTOTYPES = YES;
				CLANG_WARN_SUSPICIOUS_MOVE = YES;
				CLANG_WARN_UNGUARDED_AVAILABILITY = YES_AGGRESSIVE;
				CLANG_WARN_UNREACHABLE_CODE = YES;
				CLANG_WARN__DUPLICATE_METHOD_MATCH = YES;
				CODE_SIGN_IDENTITY = "iPhone Developer";
				COPY_PHASE_STRIP = NO;
				DEBUG_INFORMATION_FORMAT = dwarf;
				ENABLE_STRICT_OBJC_MSGSEND = YES;
				ENABLE_TESTABILITY = YES;
				GCC_C_LANGUAGE_STANDARD = gnu11;
				GCC_DYNAMIC_NO_PIC = NO;
				GCC_NO_COMMON_BLOCKS = YES;
				GCC_OPTIMIZATION_LEVEL = 0;
				GCC_PREPROCESSOR_DEFINITIONS = (
					"DEBUG=1",
					"$(inherited)",
				);
				GCC_WARN_64_TO_32_BIT_CONVERSION = YES;
				GCC_WARN_ABOUT_RETURN_TYPE = YES_ERROR;
				GCC_WARN_UNDECLARED_SELECTOR = YES;
				GCC_WARN_UNINITIALIZED_AUTOS = YES_AGGRESSIVE;
				GCC_WARN_UNUSED_FUNCTION = YES;
				GCC_WARN_UNUSED_VARIABLE = YES;
				IPHONEOS_DEPLOYMENT_TARGET = 12.0;
				MTL_ENABLE_DEBUG_INFO = INCLUDE_SOURCE;
				MTL_FAST_MATH = YES;
				ONLY_ACTIVE_ARCH = YES;
				SDKROOT = iphoneos;
				SWIFT_ACTIVE_COMPILATION_CONDITIONS = DEBUG;
				SWIFT_OPTIMIZATION_LEVEL = "-Onone";
			};
			name = Debug;
		};
		697CDB09215016FC00CAEBDF /* Release */ = {
			isa = XCBuildConfiguration;
			buildSettings = {
				ALWAYS_SEARCH_USER_PATHS = NO;
				CLANG_ANALYZER_NONNULL = YES;
				CLANG_ANALYZER_NUMBER_OBJECT_CONVERSION = YES_AGGRESSIVE;
				CLANG_CXX_LANGUAGE_STANDARD = "gnu++14";
				CLANG_CXX_LIBRARY = "libc++";
				CLANG_ENABLE_MODULES = YES;
				CLANG_ENABLE_OBJC_ARC = YES;
				CLANG_ENABLE_OBJC_WEAK = YES;
				CLANG_WARN_BLOCK_CAPTURE_AUTORELEASING = YES;
				CLANG_WARN_BOOL_CONVERSION = YES;
				CLANG_WARN_COMMA = YES;
				CLANG_WARN_CONSTANT_CONVERSION = YES;
				CLANG_WARN_DEPRECATED_OBJC_IMPLEMENTATIONS = YES;
				CLANG_WARN_DIRECT_OBJC_ISA_USAGE = YES_ERROR;
				CLANG_WARN_DOCUMENTATION_COMMENTS = YES;
				CLANG_WARN_EMPTY_BODY = YES;
				CLANG_WARN_ENUM_CONVERSION = YES;
				CLANG_WARN_INFINITE_RECURSION = YES;
				CLANG_WARN_INT_CONVERSION = YES;
				CLANG_WARN_NON_LITERAL_NULL_CONVERSION = YES;
				CLANG_WARN_OBJC_IMPLICIT_RETAIN_SELF = YES;
				CLANG_WARN_OBJC_LITERAL_CONVERSION = YES;
				CLANG_WARN_OBJC_ROOT_CLASS = YES_ERROR;
				CLANG_WARN_RANGE_LOOP_ANALYSIS = YES;
				CLANG_WARN_STRICT_PROTOTYPES = YES;
				CLANG_WARN_SUSPICIOUS_MOVE = YES;
				CLANG_WARN_UNGUARDED_AVAILABILITY = YES_AGGRESSIVE;
				CLANG_WARN_UNREACHABLE_CODE = YES;
				CLANG_WARN__DUPLICATE_METHOD_MATCH = YES;
				CODE_SIGN_IDENTITY = "iPhone Developer";
				COPY_PHASE_STRIP = NO;
				DEBUG_INFORMATION_FORMAT = "dwarf-with-dsym";
				ENABLE_NS_ASSERTIONS = NO;
				ENABLE_STRICT_OBJC_MSGSEND = YES;
				GCC_C_LANGUAGE_STANDARD = gnu11;
				GCC_NO_COMMON_BLOCKS = YES;
				GCC_WARN_64_TO_32_BIT_CONVERSION = YES;
				GCC_WARN_ABOUT_RETURN_TYPE = YES_ERROR;
				GCC_WARN_UNDECLARED_SELECTOR = YES;
				GCC_WARN_UNINITIALIZED_AUTOS = YES_AGGRESSIVE;
				GCC_WARN_UNUSED_FUNCTION = YES;
				GCC_WARN_UNUSED_VARIABLE = YES;
				IPHONEOS_DEPLOYMENT_TARGET = 12.0;
				MTL_ENABLE_DEBUG_INFO = NO;
				MTL_FAST_MATH = YES;
				SDKROOT = iphoneos;
				SWIFT_COMPILATION_MODE = wholemodule;
				SWIFT_OPTIMIZATION_LEVEL = "-O";
				VALIDATE_PRODUCT = YES;
			};
			name = Release;
		};
		697CDB0B215016FC00CAEBDF /* Debug */ = {
			isa = XCBuildConfiguration;
			buildSettings = {
				ASSETCATALOG_COMPILER_APPICON_NAME = AppIcon;
				CODE_SIGN_STYLE = Automatic;
				DEVELOPMENT_TEAM = 8J39KF9DMS;
				INFOPLIST_FILE = "Finding Surfaces/Info.plist";
				LD_RUNPATH_SEARCH_PATHS = (
					"$(inherited)",
					"@executable_path/Frameworks",
				);
				PRODUCT_BUNDLE_IDENTIFIER = "ru.learnSwift.Finding-Surfaces";
				PRODUCT_NAME = "$(TARGET_NAME)";
				SWIFT_VERSION = 4.2;
				TARGETED_DEVICE_FAMILY = "1,2";
			};
			name = Debug;
		};
		697CDB0C215016FC00CAEBDF /* Release */ = {
			isa = XCBuildConfiguration;
			buildSettings = {
				ASSETCATALOG_COMPILER_APPICON_NAME = AppIcon;
				CODE_SIGN_STYLE = Automatic;
				DEVELOPMENT_TEAM = 8J39KF9DMS;
				INFOPLIST_FILE = "Finding Surfaces/Info.plist";
				LD_RUNPATH_SEARCH_PATHS = (
					"$(inherited)",
					"@executable_path/Frameworks",
				);
				PRODUCT_BUNDLE_IDENTIFIER = "ru.learnSwift.Finding-Surfaces";
				PRODUCT_NAME = "$(TARGET_NAME)";
				SWIFT_VERSION = 4.2;
				TARGETED_DEVICE_FAMILY = "1,2";
			};
			name = Release;
		};
/* End XCBuildConfiguration section */

/* Begin XCConfigurationList section */
		697CDAF1215016F600CAEBDF /* Build configuration list for PBXProject "Finding Surfaces" */ = {
			isa = XCConfigurationList;
			buildConfigurations = (
				697CDB08215016FC00CAEBDF /* Debug */,
				697CDB09215016FC00CAEBDF /* Release */,
			);
			defaultConfigurationIsVisible = 0;
			defaultConfigurationName = Release;
		};
		697CDB0A215016FC00CAEBDF /* Build configuration list for PBXNativeTarget "Finding Surfaces" */ = {
			isa = XCConfigurationList;
			buildConfigurations = (
				697CDB0B215016FC00CAEBDF /* Debug */,
				697CDB0C215016FC00CAEBDF /* Release */,
			);
			defaultConfigurationIsVisible = 0;
			defaultConfigurationName = Release;
		};
/* End XCConfigurationList section */
	};
	rootObject = 697CDAEE215016F600CAEBDF /* Project object */;
}
